
Microsoft Visual Studio Solution File, Format Version 12.00
# Visual Studio Version 17
VisualStudioVersion = 17.5.2.0
MinimumVisualStudioVersion = 10.0.40219.1
Project("{FAE04EC0-301F-11D3-BF4B-00C04F79EFBC}") = "Zhengyan.OpenAIModels", "Zhengyan.OpenAIModels\Zhengyan.OpenAIModels.csproj", "{008473E4-3ACB-55DA-BC4F-DFE07A0AF069}"
EndProject
Project("{FAE04EC0-301F-11D3-BF4B-00C04F79EFBC}") = "Zhengyan.ChatUI.Web", "Zhengyan.ChatUI.Web\Zhengyan.ChatUI.Web.csproj", "{62646D62-B387-4D87-BE70-D098BC8F3EE9}"
EndProject
Project("{FAE04EC0-301F-11D3-BF4B-00C04F79EFBC}") = "Zhengyan.McpHost", "Zhengyan.McpHost\Zhengyan.McpHost.csproj", "{62731626-4A5B-4F34-A4DB-E47B54FAEDD2}"
EndProject
Project("{FAE04EC0-301F-11D3-BF4B-00C04F79EFBC}") = "Zhengyan.Commons.Web", "Zhengyan.Commons.Web\Zhengyan.Commons.Web.csproj", "{23110D0A-4BBA-4506-8737-6EAC677BED96}"
EndProject
Project("{FAE04EC0-301F-11D3-BF4B-00C04F79EFBC}") = "Zhengyan.Commons", "Zhengyan.Commons\Zhengyan.Commons.csproj", "{12A93F11-4549-4EDB-83DA-A6FFD3F941DF}"
EndProject
Project("{FAE04EC0-301F-11D3-BF4B-00C04F79EFBC}") = "Zhengyan.Tests", "Zhengyan.Tests\Zhengyan.Tests.csproj", "{AE9208B0-1B74-4EAD-9AA7-83C28D311FBB}"
EndProject
Project("{FAE04EC0-301F-11D3-BF4B-00C04F79EFBC}") = "Zhengyan.McpServer.WebSearcher", "Zhengyan.McpServer.WebSearcher\Zhengyan.McpServer.WebSearcher.csproj", "{C3BA9B7C-3D34-48DE-B49C-5E03F1B95647}"
EndProject
Project("{FAE04EC0-301F-11D3-BF4B-00C04F79EFBC}") = "Zhengyan.WebSearch", "Zhengyan.WebSearch\Zhengyan.WebSearch.csproj", "{2A8BB342-FB7C-4B33-8B4E-C8DBDBFC9AC2}"
EndProject
Project("{FAE04EC0-301F-11D3-BF4B-00C04F79EFBC}") = "Zhengyan.KnowledgeBase", "Zhengyan.KnowledgeBase\Zhengyan.KnowledgeBase.csproj", "{2C2DA8F4-C750-4ACF-BD91-3F49A3CF41EA}"
EndProject
Project("{FAE04EC0-301F-11D3-BF4B-00C04F79EFBC}") = "Zhengyan.VectorDB", "Zhengyan.VectorDB\Zhengyan.VectorDB.csproj", "{1E396953-CA4A-4A1F-B5FE-11A19F861245}"
EndProject
Project("{FAE04EC0-301F-11D3-BF4B-00C04F79EFBC}") = "Zhengyan.KBServer", "Zhengyan.KBServer\Zhengyan.KBServer.csproj", "{AF06E96B-B6EF-43C7-AF11-94B268086652}"
EndProject
Project("{FAE04EC0-301F-11D3-BF4B-00C04F79EFBC}") = "Zhengyan.McpServer.Ssh", "Zhengyan.McpServer.Ssh\Zhengyan.McpServer.Ssh.csproj", "{5D2924C6-9A44-4C58-804A-E0CCB22B59FB}"
EndProject
Project("{FAE04EC0-301F-11D3-BF4B-00C04F79EFBC}") = "Zhengyan.McpServer.Divine", "Zhengyan.McpServer.Divine\Zhengyan.McpServer.Divine.csproj", "{45E962BD-1FDF-4FC8-B3BC-0392B7A694CB}"
EndProject
Project("{FAE04EC0-301F-11D3-BF4B-00C04F79EFBC}") = "Zhengyan.ChatUI.Desktop", "Zhengyan.ChatUI.Desktop\Zhengyan.ChatUI.Desktop.csproj", "{48CD2BF9-0831-4003-8368-60A95FFB67BB}"
EndProject
Project("{FAE04EC0-301F-11D3-BF4B-00C04F79EFBC}") = "Zhengyan.McpServer.Agent", "Zhengyan.McpServer.Agent\Zhengyan.McpServer.Agent.csproj", "{2D3B2455-A209-4410-9275-CB8F7FAB8362}"
EndProject
Project("{FAE04EC0-301F-11D3-BF4B-00C04F79EFBC}") = "Zhengyan.Lunar", "Zhengyan.Lunar\Zhengyan.Lunar.csproj", "{192A8ED3-0A14-4FD9-8DDE-0AFA8267FE21}"
EndProject
Project("{FAE04EC0-301F-11D3-BF4B-00C04F79EFBC}") = "Zhengyan.McpServer.EightChar", "Zhengyan.McpServer.EightChar\Zhengyan.McpServer.EightChar.csproj", "{605DEA6E-EB01-4D99-A2EC-7158A46A0807}"
EndProject
Project("{FAE04EC0-301F-11D3-BF4B-00C04F79EFBC}") = "Zhengyan.FSServer", "Zhengyan.FSServer\Zhengyan.FSServer.csproj", "{5E5FD4E6-F9CC-496A-9C22-B4827150F559}"
EndProject
Project("{FAE04EC0-301F-11D3-BF4B-00C04F79EFBC}") = "Zhengyan.McpServer.Skills", "Zhengyan.McpServer.Skills\Zhengyan.McpServer.Skills.csproj", "{42F61CB0-7E1F-4AB0-B45D-0DB785D69FF2}"
EndProject
Project("{FAE04EC0-301F-11D3-BF4B-00C04F79EFBC}") = "Zhengyan.McpServer.DataQuery", "Zhengyan.McpServer.DataQuery\Zhengyan.McpServer.DataQuery.csproj", "{F7965648-7FAB-4C05-BA82-2D60938CA4CE}"
EndProject
Project("{FAE04EC0-301F-11D3-BF4B-00C04F79EFBC}") = "Zhengyan.McpServer.Memory", "Zhengyan.McpServer.Memory\Zhengyan.McpServer.Memory.csproj", "{B8BF0C93-7F15-49A0-9BC9-FF0E8A399AED}"
EndProject
Project("{FAE04EC0-301F-11D3-BF4B-00C04F79EFBC}") = "Zhengyan.HNSW", "Zhengyan.HNSW\Zhengyan.HNSW.csproj", "{D2D502F8-1CAA-4019-B219-CB959F20980D}"
EndProject
Project("{FAE04EC0-301F-11D3-BF4B-00C04F79EFBC}") = "Zhengyan.ChatUI.TUI", "Zhengyan.ChatUI.TUI\Zhengyan.ChatUI.TUI.csproj", "{A901F24D-C4F3-4F3A-BF96-226A120EBF7F}"
EndProject
Project("{FAE04EC0-301F-11D3-BF4B-00C04F79EFBC}") = "Zhengyan.ChatUI.CLI", "Zhengyan.ChatUI.CLI\Zhengyan.ChatUI.CLI.csproj", "{2EBBC210-F0C9-4EB8-BADC-9D74D7C7D352}"
EndProject
Global
	GlobalSection(SolutionConfigurationPlatforms) = preSolution
		Debug|Any CPU = Debug|Any CPU
		Debug|x64 = Debug|x64
		Debug|x86 = Debug|x86
		Release|Any CPU = Release|Any CPU
		Release|x64 = Release|x64
		Release|x86 = Release|x86
	EndGlobalSection
	GlobalSection(ProjectConfigurationPlatforms) = postSolution
		{008473E4-3ACB-55DA-BC4F-DFE07A0AF069}.Debug|Any CPU.ActiveCfg = Debug|Any CPU
		{008473E4-3ACB-55DA-BC4F-DFE07A0AF069}.Debug|Any CPU.Build.0 = Debug|Any CPU
		{008473E4-3ACB-55DA-BC4F-DFE07A0AF069}.Debug|x64.ActiveCfg = Debug|Any CPU
		{008473E4-3ACB-55DA-BC4F-DFE07A0AF069}.Debug|x64.Build.0 = Debug|Any CPU
		{008473E4-3ACB-55DA-BC4F-DFE07A0AF069}.Debug|x86.ActiveCfg = Debug|Any CPU
		{008473E4-3ACB-55DA-BC4F-DFE07A0AF069}.Debug|x86.Build.0 = Debug|Any CPU
		{008473E4-3ACB-55DA-BC4F-DFE07A0AF069}.Release|Any CPU.ActiveCfg = Release|Any CPU
		{008473E4-3ACB-55DA-BC4F-DFE07A0AF069}.Release|Any CPU.Build.0 = Release|Any CPU
		{008473E4-3ACB-55DA-BC4F-DFE07A0AF069}.Release|x64.ActiveCfg = Release|Any CPU
		{008473E4-3ACB-55DA-BC4F-DFE07A0AF069}.Release|x64.Build.0 = Release|Any CPU
		{008473E4-3ACB-55DA-BC4F-DFE07A0AF069}.Release|x86.ActiveCfg = Release|Any CPU
		{008473E4-3ACB-55DA-BC4F-DFE07A0AF069}.Release|x86.Build.0 = Release|Any CPU
		{62646D62-B387-4D87-BE70-D098BC8F3EE9}.Debug|Any CPU.ActiveCfg = Debug|Any CPU
		{62646D62-B387-4D87-BE70-D098BC8F3EE9}.Debug|Any CPU.Build.0 = Debug|Any CPU
		{62646D62-B387-4D87-BE70-D098BC8F3EE9}.Debug|x64.ActiveCfg = Debug|Any CPU
		{62646D62-B387-4D87-BE70-D098BC8F3EE9}.Debug|x64.Build.0 = Debug|Any CPU
		{62646D62-B387-4D87-BE70-D098BC8F3EE9}.Debug|x86.ActiveCfg = Debug|Any CPU
		{62646D62-B387-4D87-BE70-D098BC8F3EE9}.Debug|x86.Build.0 = Debug|Any CPU
		{62646D62-B387-4D87-BE70-D098BC8F3EE9}.Release|Any CPU.ActiveCfg = Release|Any CPU
		{62646D62-B387-4D87-BE70-D098BC8F3EE9}.Release|Any CPU.Build.0 = Release|Any CPU
		{62646D62-B387-4D87-BE70-D098BC8F3EE9}.Release|x64.ActiveCfg = Release|Any CPU
		{62646D62-B387-4D87-BE70-D098BC8F3EE9}.Release|x64.Build.0 = Release|Any CPU
		{62646D62-B387-4D87-BE70-D098BC8F3EE9}.Release|x86.ActiveCfg = Release|Any CPU
		{62646D62-B387-4D87-BE70-D098BC8F3EE9}.Release|x86.Build.0 = Release|Any CPU
		{62731626-4A5B-4F34-A4DB-E47B54FAEDD2}.Debug|Any CPU.ActiveCfg = Debug|Any CPU
		{62731626-4A5B-4F34-A4DB-E47B54FAEDD2}.Debug|Any CPU.Build.0 = Debug|Any CPU
		{62731626-4A5B-4F34-A4DB-E47B54FAEDD2}.Debug|x64.ActiveCfg = Debug|Any CPU
		{62731626-4A5B-4F34-A4DB-E47B54FAEDD2}.Debug|x64.Build.0 = Debug|Any CPU
		{62731626-4A5B-4F34-A4DB-E47B54FAEDD2}.Debug|x86.ActiveCfg = Debug|Any CPU
		{62731626-4A5B-4F34-A4DB-E47B54FAEDD2}.Debug|x86.Build.0 = Debug|Any CPU
		{62731626-4A5B-4F34-A4DB-E47B54FAEDD2}.Release|Any CPU.ActiveCfg = Release|Any CPU
		{62731626-4A5B-4F34-A4DB-E47B54FAEDD2}.Release|Any CPU.Build.0 = Release|Any CPU
		{62731626-4A5B-4F34-A4DB-E47B54FAEDD2}.Release|x64.ActiveCfg = Release|Any CPU
		{62731626-4A5B-4F34-A4DB-E47B54FAEDD2}.Release|x64.Build.0 = Release|Any CPU
		{62731626-4A5B-4F34-A4DB-E47B54FAEDD2}.Release|x86.ActiveCfg = Release|Any CPU
		{62731626-4A5B-4F34-A4DB-E47B54FAEDD2}.Release|x86.Build.0 = Release|Any CPU
		{23110D0A-4BBA-4506-8737-6EAC677BED96}.Debug|Any CPU.ActiveCfg = Debug|Any CPU
		{23110D0A-4BBA-4506-8737-6EAC677BED96}.Debug|Any CPU.Build.0 = Debug|Any CPU
		{23110D0A-4BBA-4506-8737-6EAC677BED96}.Debug|x64.ActiveCfg = Debug|Any CPU
		{23110D0A-4BBA-4506-8737-6EAC677BED96}.Debug|x64.Build.0 = Debug|Any CPU
		{23110D0A-4BBA-4506-8737-6EAC677BED96}.Debug|x86.ActiveCfg = Debug|Any CPU
		{23110D0A-4BBA-4506-8737-6EAC677BED96}.Debug|x86.Build.0 = Debug|Any CPU
		{23110D0A-4BBA-4506-8737-6EAC677BED96}.Release|Any CPU.ActiveCfg = Release|Any CPU
		{23110D0A-4BBA-4506-8737-6EAC677BED96}.Release|Any CPU.Build.0 = Release|Any CPU
		{23110D0A-4BBA-4506-8737-6EAC677BED96}.Release|x64.ActiveCfg = Release|Any CPU
		{23110D0A-4BBA-4506-8737-6EAC677BED96}.Release|x64.Build.0 = Release|Any CPU
		{23110D0A-4BBA-4506-8737-6EAC677BED96}.Release|x86.ActiveCfg = Release|Any CPU
		{23110D0A-4BBA-4506-8737-6EAC677BED96}.Release|x86.Build.0 = Release|Any CPU
		{12A93F11-4549-4EDB-83DA-A6FFD3F941DF}.Debug|Any CPU.ActiveCfg = Debug|Any CPU
		{12A93F11-4549-4EDB-83DA-A6FFD3F941DF}.Debug|Any CPU.Build.0 = Debug|Any CPU
		{12A93F11-4549-4EDB-83DA-A6FFD3F941DF}.Debug|x64.ActiveCfg = Debug|Any CPU
		{12A93F11-4549-4EDB-83DA-A6FFD3F941DF}.Debug|x64.Build.0 = Debug|Any CPU
		{12A93F11-4549-4EDB-83DA-A6FFD3F941DF}.Debug|x86.ActiveCfg = Debug|Any CPU
		{12A93F11-4549-4EDB-83DA-A6FFD3F941DF}.Debug|x86.Build.0 = Debug|Any CPU
		{12A93F11-4549-4EDB-83DA-A6FFD3F941DF}.Release|Any CPU.ActiveCfg = Release|Any CPU
		{12A93F11-4549-4EDB-83DA-A6FFD3F941DF}.Release|Any CPU.Build.0 = Release|Any CPU
		{12A93F11-4549-4EDB-83DA-A6FFD3F941DF}.Release|x64.ActiveCfg = Release|Any CPU
		{12A93F11-4549-4EDB-83DA-A6FFD3F941DF}.Release|x64.Build.0 = Release|Any CPU
		{12A93F11-4549-4EDB-83DA-A6FFD3F941DF}.Release|x86.ActiveCfg = Release|Any CPU
		{12A93F11-4549-4EDB-83DA-A6FFD3F941DF}.Release|x86.Build.0 = Release|Any CPU
		{AE9208B0-1B74-4EAD-9AA7-83C28D311FBB}.Debug|Any CPU.ActiveCfg = Debug|Any CPU
		{AE9208B0-1B74-4EAD-9AA7-83C28D311FBB}.Debug|Any CPU.Build.0 = Debug|Any CPU
		{AE9208B0-1B74-4EAD-9AA7-83C28D311FBB}.Debug|x64.ActiveCfg = Debug|Any CPU
		{AE9208B0-1B74-4EAD-9AA7-83C28D311FBB}.Debug|x64.Build.0 = Debug|Any CPU
		{AE9208B0-1B74-4EAD-9AA7-83C28D311FBB}.Debug|x86.ActiveCfg = Debug|Any CPU
		{AE9208B0-1B74-4EAD-9AA7-83C28D311FBB}.Debug|x86.Build.0 = Debug|Any CPU
		{AE9208B0-1B74-4EAD-9AA7-83C28D311FBB}.Release|Any CPU.ActiveCfg = Release|Any CPU
		{AE9208B0-1B74-4EAD-9AA7-83C28D311FBB}.Release|Any CPU.Build.0 = Release|Any CPU
		{AE9208B0-1B74-4EAD-9AA7-83C28D311FBB}.Release|x64.ActiveCfg = Release|Any CPU
		{AE9208B0-1B74-4EAD-9AA7-83C28D311FBB}.Release|x64.Build.0 = Release|Any CPU
		{AE9208B0-1B74-4EAD-9AA7-83C28D311FBB}.Release|x86.ActiveCfg = Release|Any CPU
		{AE9208B0-1B74-4EAD-9AA7-83C28D311FBB}.Release|x86.Build.0 = Release|Any CPU
		{C3BA9B7C-3D34-48DE-B49C-5E03F1B95647}.Debug|Any CPU.ActiveCfg = Debug|Any CPU
		{C3BA9B7C-3D34-48DE-B49C-5E03F1B95647}.Debug|Any CPU.Build.0 = Debug|Any CPU
		{C3BA9B7C-3D34-48DE-B49C-5E03F1B95647}.Debug|x64.ActiveCfg = Debug|Any CPU
		{C3BA9B7C-3D34-48DE-B49C-5E03F1B95647}.Debug|x64.Build.0 = Debug|Any CPU
		{C3BA9B7C-3D34-48DE-B49C-5E03F1B95647}.Debug|x86.ActiveCfg = Debug|Any CPU
		{C3BA9B7C-3D34-48DE-B49C-5E03F1B95647}.Debug|x86.Build.0 = Debug|Any CPU
		{C3BA9B7C-3D34-48DE-B49C-5E03F1B95647}.Release|Any CPU.ActiveCfg = Release|Any CPU
		{C3BA9B7C-3D34-48DE-B49C-5E03F1B95647}.Release|Any CPU.Build.0 = Release|Any CPU
		{C3BA9B7C-3D34-48DE-B49C-5E03F1B95647}.Release|x64.ActiveCfg = Release|Any CPU
		{C3BA9B7C-3D34-48DE-B49C-5E03F1B95647}.Release|x64.Build.0 = Release|Any CPU
		{C3BA9B7C-3D34-48DE-B49C-5E03F1B95647}.Release|x86.ActiveCfg = Release|Any CPU
		{C3BA9B7C-3D34-48DE-B49C-5E03F1B95647}.Release|x86.Build.0 = Release|Any CPU
		{2A8BB342-FB7C-4B33-8B4E-C8DBDBFC9AC2}.Debug|Any CPU.ActiveCfg = Debug|Any CPU
		{2A8BB342-FB7C-4B33-8B4E-C8DBDBFC9AC2}.Debug|Any CPU.Build.0 = Debug|Any CPU
		{2A8BB342-FB7C-4B33-8B4E-C8DBDBFC9AC2}.Debug|x64.ActiveCfg = Debug|Any CPU
		{2A8BB342-FB7C-4B33-8B4E-C8DBDBFC9AC2}.Debug|x64.Build.0 = Debug|Any CPU
		{2A8BB342-FB7C-4B33-8B4E-C8DBDBFC9AC2}.Debug|x86.ActiveCfg = Debug|Any CPU
		{2A8BB342-FB7C-4B33-8B4E-C8DBDBFC9AC2}.Debug|x86.Build.0 = Debug|Any CPU
		{2A8BB342-FB7C-4B33-8B4E-C8DBDBFC9AC2}.Release|Any CPU.ActiveCfg = Release|Any CPU
		{2A8BB342-FB7C-4B33-8B4E-C8DBDBFC9AC2}.Release|Any CPU.Build.0 = Release|Any CPU
		{2A8BB342-FB7C-4B33-8B4E-C8DBDBFC9AC2}.Release|x64.ActiveCfg = Release|Any CPU
		{2A8BB342-FB7C-4B33-8B4E-C8DBDBFC9AC2}.Release|x64.Build.0 = Release|Any CPU
		{2A8BB342-FB7C-4B33-8B4E-C8DBDBFC9AC2}.Release|x86.ActiveCfg = Release|Any CPU
		{2A8BB342-FB7C-4B33-8B4E-C8DBDBFC9AC2}.Release|x86.Build.0 = Release|Any CPU
		{2C2DA8F4-C750-4ACF-BD91-3F49A3CF41EA}.Debug|Any CPU.ActiveCfg = Debug|Any CPU
		{2C2DA8F4-C750-4ACF-BD91-3F49A3CF41EA}.Debug|Any CPU.Build.0 = Debug|Any CPU
		{2C2DA8F4-C750-4ACF-BD91-3F49A3CF41EA}.Debug|x64.ActiveCfg = Debug|Any CPU
		{2C2DA8F4-C750-4ACF-BD91-3F49A3CF41EA}.Debug|x64.Build.0 = Debug|Any CPU
		{2C2DA8F4-C750-4ACF-BD91-3F49A3CF41EA}.Debug|x86.ActiveCfg = Debug|Any CPU
		{2C2DA8F4-C750-4ACF-BD91-3F49A3CF41EA}.Debug|x86.Build.0 = Debug|Any CPU
		{2C2DA8F4-C750-4ACF-BD91-3F49A3CF41EA}.Release|Any CPU.ActiveCfg = Release|Any CPU
		{2C2DA8F4-C750-4ACF-BD91-3F49A3CF41EA}.Release|Any CPU.Build.0 = Release|Any CPU
		{2C2DA8F4-C750-4ACF-BD91-3F49A3CF41EA}.Release|x64.ActiveCfg = Release|Any CPU
		{2C2DA8F4-C750-4ACF-BD91-3F49A3CF41EA}.Release|x64.Build.0 = Release|Any CPU
		{2C2DA8F4-C750-4ACF-BD91-3F49A3CF41EA}.Release|x86.ActiveCfg = Release|Any CPU
		{2C2DA8F4-C750-4ACF-BD91-3F49A3CF41EA}.Release|x86.Build.0 = Release|Any CPU
		{1E396953-CA4A-4A1F-B5FE-11A19F861245}.Debug|Any CPU.ActiveCfg = Debug|Any CPU
		{1E396953-CA4A-4A1F-B5FE-11A19F861245}.Debug|Any CPU.Build.0 = Debug|Any CPU
		{1E396953-CA4A-4A1F-B5FE-11A19F861245}.Debug|x64.ActiveCfg = Debug|Any CPU
		{1E396953-CA4A-4A1F-B5FE-11A19F861245}.Debug|x64.Build.0 = Debug|Any CPU
		{1E396953-CA4A-4A1F-B5FE-11A19F861245}.Debug|x86.ActiveCfg = Debug|Any CPU
		{1E396953-CA4A-4A1F-B5FE-11A19F861245}.Debug|x86.Build.0 = Debug|Any CPU
		{1E396953-CA4A-4A1F-B5FE-11A19F861245}.Release|Any CPU.ActiveCfg = Release|Any CPU
		{1E396953-CA4A-4A1F-B5FE-11A19F861245}.Release|Any CPU.Build.0 = Release|Any CPU
		{1E396953-CA4A-4A1F-B5FE-11A19F861245}.Release|x64.ActiveCfg = Release|Any CPU
		{1E396953-CA4A-4A1F-B5FE-11A19F861245}.Release|x64.Build.0 = Release|Any CPU
		{1E396953-CA4A-4A1F-B5FE-11A19F861245}.Release|x86.ActiveCfg = Release|Any CPU
		{1E396953-CA4A-4A1F-B5FE-11A19F861245}.Release|x86.Build.0 = Release|Any CPU
		{AF06E96B-B6EF-43C7-AF11-94B268086652}.Debug|Any CPU.ActiveCfg = Debug|Any CPU
		{AF06E96B-B6EF-43C7-AF11-94B268086652}.Debug|Any CPU.Build.0 = Debug|Any CPU
		{AF06E96B-B6EF-43C7-AF11-94B268086652}.Debug|x64.ActiveCfg = Debug|Any CPU
		{AF06E96B-B6EF-43C7-AF11-94B268086652}.Debug|x64.Build.0 = Debug|Any CPU
		{AF06E96B-B6EF-43C7-AF11-94B268086652}.Debug|x86.ActiveCfg = Debug|Any CPU
		{AF06E96B-B6EF-43C7-AF11-94B268086652}.Debug|x86.Build.0 = Debug|Any CPU
		{AF06E96B-B6EF-43C7-AF11-94B268086652}.Release|Any CPU.ActiveCfg = Release|Any CPU
		{AF06E96B-B6EF-43C7-AF11-94B268086652}.Release|Any CPU.Build.0 = Release|Any CPU
		{AF06E96B-B6EF-43C7-AF11-94B268086652}.Release|x64.ActiveCfg = Release|Any CPU
		{AF06E96B-B6EF-43C7-AF11-94B268086652}.Release|x64.Build.0 = Release|Any CPU
		{AF06E96B-B6EF-43C7-AF11-94B268086652}.Release|x86.ActiveCfg = Release|Any CPU
		{AF06E96B-B6EF-43C7-AF11-94B268086652}.Release|x86.Build.0 = Release|Any CPU
		{5D2924C6-9A44-4C58-804A-E0CCB22B59FB}.Debug|Any CPU.ActiveCfg = Debug|Any CPU
		{5D2924C6-9A44-4C58-804A-E0CCB22B59FB}.Debug|Any CPU.Build.0 = Debug|Any CPU
		{5D2924C6-9A44-4C58-804A-E0CCB22B59FB}.Debug|x64.ActiveCfg = Debug|Any CPU
		{5D2924C6-9A44-4C58-804A-E0CCB22B59FB}.Debug|x64.Build.0 = Debug|Any CPU
		{5D2924C6-9A44-4C58-804A-E0CCB22B59FB}.Debug|x86.ActiveCfg = Debug|Any CPU
		{5D2924C6-9A44-4C58-804A-E0CCB22B59FB}.Debug|x86.Build.0 = Debug|Any CPU
		{5D2924C6-9A44-4C58-804A-E0CCB22B59FB}.Release|Any CPU.ActiveCfg = Release|Any CPU
		{5D2924C6-9A44-4C58-804A-E0CCB22B59FB}.Release|Any CPU.Build.0 = Release|Any CPU
		{5D2924C6-9A44-4C58-804A-E0CCB22B59FB}.Release|x64.ActiveCfg = Release|Any CPU
		{5D2924C6-9A44-4C58-804A-E0CCB22B59FB}.Release|x64.Build.0 = Release|Any CPU
		{5D2924C6-9A44-4C58-804A-E0CCB22B59FB}.Release|x86.ActiveCfg = Release|Any CPU
		{5D2924C6-9A44-4C58-804A-E0CCB22B59FB}.Release|x86.Build.0 = Release|Any CPU
		{45E962BD-1FDF-4FC8-B3BC-0392B7A694CB}.Debug|Any CPU.ActiveCfg = Debug|Any CPU
		{45E962BD-1FDF-4FC8-B3BC-0392B7A694CB}.Debug|Any CPU.Build.0 = Debug|Any CPU
		{45E962BD-1FDF-4FC8-B3BC-0392B7A694CB}.Debug|x64.ActiveCfg = Debug|Any CPU
		{45E962BD-1FDF-4FC8-B3BC-0392B7A694CB}.Debug|x64.Build.0 = Debug|Any CPU
		{45E962BD-1FDF-4FC8-B3BC-0392B7A694CB}.Debug|x86.ActiveCfg = Debug|Any CPU
		{45E962BD-1FDF-4FC8-B3BC-0392B7A694CB}.Debug|x86.Build.0 = Debug|Any CPU
		{45E962BD-1FDF-4FC8-B3BC-0392B7A694CB}.Release|Any CPU.ActiveCfg = Release|Any CPU
		{45E962BD-1FDF-4FC8-B3BC-0392B7A694CB}.Release|Any CPU.Build.0 = Release|Any CPU
		{45E962BD-1FDF-4FC8-B3BC-0392B7A694CB}.Release|x64.ActiveCfg = Release|Any CPU
		{45E962BD-1FDF-4FC8-B3BC-0392B7A694CB}.Release|x64.Build.0 = Release|Any CPU
		{45E962BD-1FDF-4FC8-B3BC-0392B7A694CB}.Release|x86.ActiveCfg = Release|Any CPU
		{45E962BD-1FDF-4FC8-B3BC-0392B7A694CB}.Release|x86.Build.0 = Release|Any CPU
		{48CD2BF9-0831-4003-8368-60A95FFB67BB}.Debug|Any CPU.ActiveCfg = Debug|Any CPU
		{48CD2BF9-0831-4003-8368-60A95FFB67BB}.Debug|Any CPU.Build.0 = Debug|Any CPU
		{48CD2BF9-0831-4003-8368-60A95FFB67BB}.Debug|x64.ActiveCfg = Debug|Any CPU
		{48CD2BF9-0831-4003-8368-60A95FFB67BB}.Debug|x64.Build.0 = Debug|Any CPU
		{48CD2BF9-0831-4003-8368-60A95FFB67BB}.Debug|x86.ActiveCfg = Debug|Any CPU
		{48CD2BF9-0831-4003-8368-60A95FFB67BB}.Debug|x86.Build.0 = Debug|Any CPU
		{48CD2BF9-0831-4003-8368-60A95FFB67BB}.Release|Any CPU.ActiveCfg = Release|Any CPU
		{48CD2BF9-0831-4003-8368-60A95FFB67BB}.Release|Any CPU.Build.0 = Release|Any CPU
		{48CD2BF9-0831-4003-8368-60A95FFB67BB}.Release|x64.ActiveCfg = Release|Any CPU
		{48CD2BF9-0831-4003-8368-60A95FFB67BB}.Release|x64.Build.0 = Release|Any CPU
		{48CD2BF9-0831-4003-8368-60A95FFB67BB}.Release|x86.ActiveCfg = Release|Any CPU
		{48CD2BF9-0831-4003-8368-60A95FFB67BB}.Release|x86.Build.0 = Release|Any CPU
		{2D3B2455-A209-4410-9275-CB8F7FAB8362}.Debug|Any CPU.ActiveCfg = Debug|Any CPU
		{2D3B2455-A209-4410-9275-CB8F7FAB8362}.Debug|Any CPU.Build.0 = Debug|Any CPU
		{2D3B2455-A209-4410-9275-CB8F7FAB8362}.Debug|x64.ActiveCfg = Debug|Any CPU
		{2D3B2455-A209-4410-9275-CB8F7FAB8362}.Debug|x64.Build.0 = Debug|Any CPU
		{2D3B2455-A209-4410-9275-CB8F7FAB8362}.Debug|x86.ActiveCfg = Debug|Any CPU
		{2D3B2455-A209-4410-9275-CB8F7FAB8362}.Debug|x86.Build.0 = Debug|Any CPU
		{2D3B2455-A209-4410-9275-CB8F7FAB8362}.Release|Any CPU.ActiveCfg = Release|Any CPU
		{2D3B2455-A209-4410-9275-CB8F7FAB8362}.Release|Any CPU.Build.0 = Release|Any CPU
		{2D3B2455-A209-4410-9275-CB8F7FAB8362}.Release|x64.ActiveCfg = Release|Any CPU
		{2D3B2455-A209-4410-9275-CB8F7FAB8362}.Release|x64.Build.0 = Release|Any CPU
		{2D3B2455-A209-4410-9275-CB8F7FAB8362}.Release|x86.ActiveCfg = Release|Any CPU
		{2D3B2455-A209-4410-9275-CB8F7FAB8362}.Release|x86.Build.0 = Release|Any CPU
		{192A8ED3-0A14-4FD9-8DDE-0AFA8267FE21}.Debug|Any CPU.ActiveCfg = Debug|Any CPU
		{192A8ED3-0A14-4FD9-8DDE-0AFA8267FE21}.Debug|Any CPU.Build.0 = Debug|Any CPU
		{192A8ED3-0A14-4FD9-8DDE-0AFA8267FE21}.Debug|x64.ActiveCfg = Debug|Any CPU
		{192A8ED3-0A14-4FD9-8DDE-0AFA8267FE21}.Debug|x64.Build.0 = Debug|Any CPU
		{192A8ED3-0A14-4FD9-8DDE-0AFA8267FE21}.Debug|x86.ActiveCfg = Debug|Any CPU
		{192A8ED3-0A14-4FD9-8DDE-0AFA8267FE21}.Debug|x86.Build.0 = Debug|Any CPU
		{192A8ED3-0A14-4FD9-8DDE-0AFA8267FE21}.Release|Any CPU.ActiveCfg = Release|Any CPU
		{192A8ED3-0A14-4FD9-8DDE-0AFA8267FE21}.Release|Any CPU.Build.0 = Release|Any CPU
		{192A8ED3-0A14-4FD9-8DDE-0AFA8267FE21}.Release|x64.ActiveCfg = Release|Any CPU
		{192A8ED3-0A14-4FD9-8DDE-0AFA8267FE21}.Release|x64.Build.0 = Release|Any CPU
		{192A8ED3-0A14-4FD9-8DDE-0AFA8267FE21}.Release|x86.ActiveCfg = Release|Any CPU
		{192A8ED3-0A14-4FD9-8DDE-0AFA8267FE21}.Release|x86.Build.0 = Release|Any CPU
		{605DEA6E-EB01-4D99-A2EC-7158A46A0807}.Debug|Any CPU.ActiveCfg = Debug|Any CPU
		{605DEA6E-EB01-4D99-A2EC-7158A46A0807}.Debug|Any CPU.Build.0 = Debug|Any CPU
		{605DEA6E-EB01-4D99-A2EC-7158A46A0807}.Debug|x64.ActiveCfg = Debug|Any CPU
		{605DEA6E-EB01-4D99-A2EC-7158A46A0807}.Debug|x64.Build.0 = Debug|Any CPU
		{605DEA6E-EB01-4D99-A2EC-7158A46A0807}.Debug|x86.ActiveCfg = Debug|Any CPU
		{605DEA6E-EB01-4D99-A2EC-7158A46A0807}.Debug|x86.Build.0 = Debug|Any CPU
		{605DEA6E-EB01-4D99-A2EC-7158A46A0807}.Release|Any CPU.ActiveCfg = Release|Any CPU
		{605DEA6E-EB01-4D99-A2EC-7158A46A0807}.Release|Any CPU.Build.0 = Release|Any CPU
		{605DEA6E-EB01-4D99-A2EC-7158A46A0807}.Release|x64.ActiveCfg = Release|Any CPU
		{605DEA6E-EB01-4D99-A2EC-7158A46A0807}.Release|x64.Build.0 = Release|Any CPU
		{605DEA6E-EB01-4D99-A2EC-7158A46A0807}.Release|x86.ActiveCfg = Release|Any CPU
		{605DEA6E-EB01-4D99-A2EC-7158A46A0807}.Release|x86.Build.0 = Release|Any CPU
		{5E5FD4E6-F9CC-496A-9C22-B4827150F559}.Debug|Any CPU.ActiveCfg = Debug|Any CPU
		{5E5FD4E6-F9CC-496A-9C22-B4827150F559}.Debug|Any CPU.Build.0 = Debug|Any CPU
		{5E5FD4E6-F9CC-496A-9C22-B4827150F559}.Debug|x64.ActiveCfg = Debug|Any CPU
		{5E5FD4E6-F9CC-496A-9C22-B4827150F559}.Debug|x64.Build.0 = Debug|Any CPU
		{5E5FD4E6-F9CC-496A-9C22-B4827150F559}.Debug|x86.ActiveCfg = Debug|Any CPU
		{5E5FD4E6-F9CC-496A-9C22-B4827150F559}.Debug|x86.Build.0 = Debug|Any CPU
		{5E5FD4E6-F9CC-496A-9C22-B4827150F559}.Release|Any CPU.ActiveCfg = Release|Any CPU
		{5E5FD4E6-F9CC-496A-9C22-B4827150F559}.Release|Any CPU.Build.0 = Release|Any CPU
		{5E5FD4E6-F9CC-496A-9C22-B4827150F559}.Release|x64.ActiveCfg = Release|Any CPU
		{5E5FD4E6-F9CC-496A-9C22-B4827150F559}.Release|x64.Build.0 = Release|Any CPU
		{5E5FD4E6-F9CC-496A-9C22-B4827150F559}.Release|x86.ActiveCfg = Release|Any CPU
		{5E5FD4E6-F9CC-496A-9C22-B4827150F559}.Release|x86.Build.0 = Release|Any CPU
		{42F61CB0-7E1F-4AB0-B45D-0DB785D69FF2}.Debug|Any CPU.ActiveCfg = Debug|Any CPU
		{42F61CB0-7E1F-4AB0-B45D-0DB785D69FF2}.Debug|Any CPU.Build.0 = Debug|Any CPU
		{42F61CB0-7E1F-4AB0-B45D-0DB785D69FF2}.Debug|x64.ActiveCfg = Debug|Any CPU
		{42F61CB0-7E1F-4AB0-B45D-0DB785D69FF2}.Debug|x64.Build.0 = Debug|Any CPU
		{42F61CB0-7E1F-4AB0-B45D-0DB785D69FF2}.Debug|x86.ActiveCfg = Debug|Any CPU
		{42F61CB0-7E1F-4AB0-B45D-0DB785D69FF2}.Debug|x86.Build.0 = Debug|Any CPU
		{42F61CB0-7E1F-4AB0-B45D-0DB785D69FF2}.Release|Any CPU.ActiveCfg = Release|Any CPU
		{42F61CB0-7E1F-4AB0-B45D-0DB785D69FF2}.Release|Any CPU.Build.0 = Release|Any CPU
		{42F61CB0-7E1F-4AB0-B45D-0DB785D69FF2}.Release|x64.ActiveCfg = Release|Any CPU
		{42F61CB0-7E1F-4AB0-B45D-0DB785D69FF2}.Release|x64.Build.0 = Release|Any CPU
		{42F61CB0-7E1F-4AB0-B45D-0DB785D69FF2}.Release|x86.ActiveCfg = Release|Any CPU
		{42F61CB0-7E1F-4AB0-B45D-0DB785D69FF2}.Release|x86.Build.0 = Release|Any CPU
		{F7965648-7FAB-4C05-BA82-2D60938CA4CE}.Debug|Any CPU.ActiveCfg = Debug|Any CPU
		{F7965648-7FAB-4C05-BA82-2D60938CA4CE}.Debug|Any CPU.Build.0 = Debug|Any CPU
		{F7965648-7FAB-4C05-BA82-2D60938CA4CE}.Debug|x64.ActiveCfg = Debug|Any CPU
		{F7965648-7FAB-4C05-BA82-2D60938CA4CE}.Debug|x64.Build.0 = Debug|Any CPU
		{F7965648-7FAB-4C05-BA82-2D60938CA4CE}.Debug|x86.ActiveCfg = Debug|Any CPU
		{F7965648-7FAB-4C05-BA82-2D60938CA4CE}.Debug|x86.Build.0 = Debug|Any CPU
		{F7965648-7FAB-4C05-BA82-2D60938CA4CE}.Release|Any CPU.ActiveCfg = Release|Any CPU
		{F7965648-7FAB-4C05-BA82-2D60938CA4CE}.Release|Any CPU.Build.0 = Release|Any CPU
		{F7965648-7FAB-4C05-BA82-2D60938CA4CE}.Release|x64.ActiveCfg = Release|Any CPU
		{F7965648-7FAB-4C05-BA82-2D60938CA4CE}.Release|x64.Build.0 = Release|Any CPU
		{F7965648-7FAB-4C05-BA82-2D60938CA4CE}.Release|x86.ActiveCfg = Release|Any CPU
		{F7965648-7FAB-4C05-BA82-2D60938CA4CE}.Release|x86.Build.0 = Release|Any CPU
		{B8BF0C93-7F15-49A0-9BC9-FF0E8A399AED}.Debug|Any CPU.ActiveCfg = Debug|Any CPU
		{B8BF0C93-7F15-49A0-9BC9-FF0E8A399AED}.Debug|Any CPU.Build.0 = Debug|Any CPU
		{B8BF0C93-7F15-49A0-9BC9-FF0E8A399AED}.Debug|x64.ActiveCfg = Debug|Any CPU
		{B8BF0C93-7F15-49A0-9BC9-FF0E8A399AED}.Debug|x64.Build.0 = Debug|Any CPU
		{B8BF0C93-7F15-49A0-9BC9-FF0E8A399AED}.Debug|x86.ActiveCfg = Debug|Any CPU
		{B8BF0C93-7F15-49A0-9BC9-FF0E8A399AED}.Debug|x86.Build.0 = Debug|Any CPU
		{B8BF0C93-7F15-49A0-9BC9-FF0E8A399AED}.Release|Any CPU.ActiveCfg = Release|Any CPU
		{B8BF0C93-7F15-49A0-9BC9-FF0E8A399AED}.Release|Any CPU.Build.0 = Release|Any CPU
		{B8BF0C93-7F15-49A0-9BC9-FF0E8A399AED}.Release|x64.ActiveCfg = Release|Any CPU
		{B8BF0C93-7F15-49A0-9BC9-FF0E8A399AED}.Release|x64.Build.0 = Release|Any CPU
		{B8BF0C93-7F15-49A0-9BC9-FF0E8A399AED}.Release|x86.ActiveCfg = Release|Any CPU
		{B8BF0C93-7F15-49A0-9BC9-FF0E8A399AED}.Release|x86.Build.0 = Release|Any CPU
		{D2D502F8-1CAA-4019-B219-CB959F20980D}.Debug|Any CPU.ActiveCfg = Debug|Any CPU
		{D2D502F8-1CAA-4019-B219-CB959F20980D}.Debug|Any CPU.Build.0 = Debug|Any CPU
		{D2D502F8-1CAA-4019-B219-CB959F20980D}.Debug|x64.ActiveCfg = Debug|Any CPU
		{D2D502F8-1CAA-4019-B219-CB959F20980D}.Debug|x64.Build.0 = Debug|Any CPU
		{D2D502F8-1CAA-4019-B219-CB959F20980D}.Debug|x86.ActiveCfg = Debug|Any CPU
		{D2D502F8-1CAA-4019-B219-CB959F20980D}.Debug|x86.Build.0 = Debug|Any CPU
		{D2D502F8-1CAA-4019-B219-CB959F20980D}.Release|Any CPU.ActiveCfg = Release|Any CPU
		{D2D502F8-1CAA-4019-B219-CB959F20980D}.Release|Any CPU.Build.0 = Release|Any CPU
		{D2D502F8-1CAA-4019-B219-CB959F20980D}.Release|x64.ActiveCfg = Release|Any CPU
		{D2D502F8-1CAA-4019-B219-CB959F20980D}.Release|x64.Build.0 = Release|Any CPU
		{D2D502F8-1CAA-4019-B219-CB959F20980D}.Release|x86.ActiveCfg = Release|Any CPU
		{D2D502F8-1CAA-4019-B219-CB959F20980D}.Release|x86.Build.0 = Release|Any CPU
		{A901F24D-C4F3-4F3A-BF96-226A120EBF7F}.Debug|Any CPU.ActiveCfg = Debug|Any CPU
		{A901F24D-C4F3-4F3A-BF96-226A120EBF7F}.Debug|Any CPU.Build.0 = Debug|Any CPU
		{A901F24D-C4F3-4F3A-BF96-226A120EBF7F}.Debug|x64.ActiveCfg = Debug|Any CPU
		{A901F24D-C4F3-4F3A-BF96-226A120EBF7F}.Debug|x64.Build.0 = Debug|Any CPU
		{A901F24D-C4F3-4F3A-BF96-226A120EBF7F}.Debug|x86.ActiveCfg = Debug|Any CPU
		{A901F24D-C4F3-4F3A-BF96-226A120EBF7F}.Debug|x86.Build.0 = Debug|Any CPU
		{A901F24D-C4F3-4F3A-BF96-226A120EBF7F}.Release|Any CPU.ActiveCfg = Release|Any CPU
		{A901F24D-C4F3-4F3A-BF96-226A120EBF7F}.Release|Any CPU.Build.0 = Release|Any CPU
		{A901F24D-C4F3-4F3A-BF96-226A120EBF7F}.Release|x64.ActiveCfg = Release|Any CPU
		{A901F24D-C4F3-4F3A-BF96-226A120EBF7F}.Release|x64.Build.0 = Release|Any CPU
		{A901F24D-C4F3-4F3A-BF96-226A120EBF7F}.Release|x86.ActiveCfg = Release|Any CPU
		{A901F24D-C4F3-4F3A-BF96-226A120EBF7F}.Release|x86.Build.0 = Release|Any CPU
		{2EBBC210-F0C9-4EB8-BADC-9D74D7C7D352}.Debug|Any CPU.ActiveCfg = Debug|Any CPU
		{2EBBC210-F0C9-4EB8-BADC-9D74D7C7D352}.Debug|Any CPU.Build.0 = Debug|Any CPU
		{2EBBC210-F0C9-4EB8-BADC-9D74D7C7D352}.Debug|x64.ActiveCfg = Debug|Any CPU
		{2EBBC210-F0C9-4EB8-BADC-9D74D7C7D352}.Debug|x64.Build.0 = Debug|Any CPU
		{2EBBC210-F0C9-4EB8-BADC-9D74D7C7D352}.Debug|x86.ActiveCfg = Debug|Any CPU
		{2EBBC210-F0C9-4EB8-BADC-9D74D7C7D352}.Debug|x86.Build.0 = Debug|Any CPU
		{2EBBC210-F0C9-4EB8-BADC-9D74D7C7D352}.Release|Any CPU.ActiveCfg = Release|Any CPU
		{2EBBC210-F0C9-4EB8-BADC-9D74D7C7D352}.Release|Any CPU.Build.0 = Release|Any CPU
		{2EBBC210-F0C9-4EB8-BADC-9D74D7C7D352}.Release|x64.ActiveCfg = Release|Any CPU
		{2EBBC210-F0C9-4EB8-BADC-9D74D7C7D352}.Release|x64.Build.0 = Release|Any CPU
		{2EBBC210-F0C9-4EB8-BADC-9D74D7C7D352}.Release|x86.ActiveCfg = Release|Any CPU
		{2EBBC210-F0C9-4EB8-BADC-9D74D7C7D352}.Release|x86.Build.0 = Release|Any CPU
	EndGlobalSection
	GlobalSection(SolutionProperties) = preSolution
		HideSolutionNode = FALSE
	EndGlobalSection
	GlobalSection(ExtensibilityGlobals) = postSolution
		SolutionGuid = {896E469C-20BB-4813-B090-86F538172585}
	EndGlobalSection
EndGlobal
